
Microsoft Visual Studio Solution File, Format Version 12.00
# Visual Studio 2017
Project("{FAE04EC0-301F-11D3-BF4B-00C04F79EFBC}") = "eTone_FishGame", "eTone_FishGame.csproj", "{C57F66D4-21A2-4B97-0DAC-B7CBF26233B1}"
EndProject
Project("{FAE04EC0-301F-11D3-BF4B-00C04F79EFBC}") = "eTone_FishGame.Editor", "eTone_FishGame.Editor.csproj", "{9A331242-0FA6-2FE0-EC56-F910255059AE}"
EndProject
Global
	GlobalSection(SolutionConfigurationPlatforms) = preSolution
		Debug|Any CPU = Debug|Any CPU
		Release|Any CPU = Release|Any CPU
	EndGlobalSection
	GlobalSection(ProjectConfigurationPlatforms) = postSolution
		{C57F66D4-21A2-4B97-0DAC-B7CBF26233B1}.Debug|Any CPU.ActiveCfg = Debug|Any CPU
		{C57F66D4-21A2-4B97-0DAC-B7CBF26233B1}.Debug|Any CPU.Build.0 = Debug|Any CPU
		{C57F66D4-21A2-4B97-0DAC-B7CBF26233B1}.Release|Any CPU.ActiveCfg = Release|Any CPU
		{C57F66D4-21A2-4B97-0DAC-B7CBF26233B1}.Release|Any CPU.Build.0 = Release|Any CPU
		{9A331242-0FA6-2FE0-EC56-F910255059AE}.Debug|Any CPU.ActiveCfg = Debug|Any CPU
		{9A331242-0FA6-2FE0-EC56-F910255059AE}.Debug|Any CPU.Build.0 = Debug|Any CPU
		{9A331242-0FA6-2FE0-EC56-F910255059AE}.Release|Any CPU.ActiveCfg = Release|Any CPU
		{9A331242-0FA6-2FE0-EC56-F910255059AE}.Release|Any CPU.Build.0 = Release|Any CPU
	EndGlobalSection
	GlobalSection(SolutionProperties) = preSolution
		HideSolutionNode = FALSE
	EndGlobalSection
EndGlobal
